
Microsoft Visual Studio Solution File, Format Version 12.00
# Visual Studio 15
VisualStudioVersion = 15.0.28307.271
MinimumVisualStudioVersion = 10.0.40219.1
Project("{FAE04EC0-301F-11D3-BF4B-00C04F79EFBC}") = "lab", "lab\lab.csproj", "{DB5F7884-F73E-48AF-BE8A-5E704B5107A1}"
EndProject
Global
	GlobalSection(SolutionConfigurationPlatforms) = preSolution
		Debug|Any CPU = Debug|Any CPU
		Release|Any CPU = Release|Any CPU
	EndGlobalSection
	GlobalSection(ProjectConfigurationPlatforms) = postSolution
		{DB5F7884-F73E-48AF-BE8A-5E704B5107A1}.Debug|Any CPU.ActiveCfg = Debug|Any CPU
		{DB5F7884-F73E-48AF-BE8A-5E704B5107A1}.Debug|Any CPU.Build.0 = Debug|Any CPU
		{DB5F7884-F73E-48AF-BE8A-5E704B5107A1}.Release|Any CPU.ActiveCfg = Release|Any CPU
		{DB5F7884-F73E-48AF-BE8A-5E704B5107A1}.Release|Any CPU.Build.0 = Release|Any CPU
	EndGlobalSection
	GlobalSection(SolutionProperties) = preSolution
		HideSolutionNode = FALSE
	EndGlobalSection
	GlobalSection(ExtensibilityGlobals) = postSolution
		SolutionGuid = {C0DAEA2F-E0A3-4EA3-A957-424150D954D0}
	EndGlobalSection
EndGlobal
